{
  "requires": true,
  "lockfileVersion": 1,
  "dependencies": {
    "print-bst": {
      "version": "3.0.0",
      "resolved": "https://registry.npmjs.org/print-bst/-/print-bst-3.0.0.tgz",
      "integrity": "sha512-IQA2D5LTaGEvTqt6JX0cBjsnhtAXaM9MI/kFRiCWi6t1jTS1C6RDAc10KCc/Vneg5nEvmY+OWTjBME0wOMGHTg=="
    }
  }
}
